// !$*UTF8*$!
{
	archiveVersion = 1;
	classes = {
	};
	objectVersion = 56;
	objects = {

/* Begin PBXBuildFile section */
		BD1FD4742A0A3A9000525E67 /* RxCocoa in Frameworks */ = {isa = PBXBuildFile; productRef = BD1FD4732A0A3A9000525E67 /* RxCocoa */; };
		BD1FD4762A0A3A9000525E67 /* RxSwift in Frameworks */ = {isa = PBXBuildFile; productRef = BD1FD4752A0A3A9000525E67 /* RxSwift */; };
		BD1FD4792A0A3AA200525E67 /* Kingfisher in Frameworks */ = {isa = PBXBuildFile; productRef = BD1FD4782A0A3AA200525E67 /* Kingfisher */; };
		BD1FD47C2A0A3BBE00525E67 /* HomeVM.swift in Sources */ = {isa = PBXBuildFile; fileRef = BD1FD47B2A0A3BBE00525E67 /* HomeVM.swift */; };
		BD1FD4802A0A3C6000525E67 /* CategoriesCollectionViewCell.swift in Sources */ = {isa = PBXBuildFile; fileRef = BD1FD47E2A0A3C6000525E67 /* CategoriesCollectionViewCell.swift */; };
		BD1FD4812A0A3C6000525E67 /* CategoriesCollectionViewCell.xib in Resources */ = {isa = PBXBuildFile; fileRef = BD1FD47F2A0A3C6000525E67 /* CategoriesCollectionViewCell.xib */; };
		BD1FD4852A0A432300525E67 /* ArtistsVC.swift in Sources */ = {isa = PBXBuildFile; fileRef = BD1FD4832A0A432300525E67 /* ArtistsVC.swift */; };
		BD1FD4862A0A432300525E67 /* ArtistsVC.xib in Resources */ = {isa = PBXBuildFile; fileRef = BD1FD4842A0A432300525E67 /* ArtistsVC.xib */; };
		BD1FD48A2A0A440C00525E67 /* ArtistCollectionViewCell.swift in Sources */ = {isa = PBXBuildFile; fileRef = BD1FD4882A0A440C00525E67 /* ArtistCollectionViewCell.swift */; };
		BD1FD48D2A0A452700525E67 /* ArtistsVM.swift in Sources */ = {isa = PBXBuildFile; fileRef = BD1FD48C2A0A452700525E67 /* ArtistsVM.swift */; };
		BD40C1332A0E6E0B00EF5E2A /* ProgressHUD in Frameworks */ = {isa = PBXBuildFile; productRef = BD40C1322A0E6E0B00EF5E2A /* ProgressHUD */; };
		BD40C1362A0E75CC00EF5E2A /* Lottie in Frameworks */ = {isa = PBXBuildFile; productRef = BD40C1352A0E75CC00EF5E2A /* Lottie */; };
		BD40C1392A0E768300EF5E2A /* Play.json in Resources */ = {isa = PBXBuildFile; fileRef = BD40C1382A0E768300EF5E2A /* Play.json */; };
		BD40C13B2A0E9D1700EF5E2A /* Music.json in Resources */ = {isa = PBXBuildFile; fileRef = BD40C13A2A0E9D1700EF5E2A /* Music.json */; };
		BD40C13E2A0E9F8400EF5E2A /* Deezer.png in Resources */ = {isa = PBXBuildFile; fileRef = BD40C13D2A0E9F8400EF5E2A /* Deezer.png */; };
		BD5AEAF82A094B3A00973634 /* GenreModel.swift in Sources */ = {isa = PBXBuildFile; fileRef = BD5AEAF72A094B3A00973634 /* GenreModel.swift */; };
		BD5AEAFA2A09642100973634 /* AlbumModel.swift in Sources */ = {isa = PBXBuildFile; fileRef = BD5AEAF92A09642100973634 /* AlbumModel.swift */; };
		BD5AEAFC2A0967C200973634 /* MusicModel.swift in Sources */ = {isa = PBXBuildFile; fileRef = BD5AEAFB2A0967C200973634 /* MusicModel.swift */; };
		BD5AEAFE2A096CF900973634 /* ArtistModel.swift in Sources */ = {isa = PBXBuildFile; fileRef = BD5AEAFD2A096CF900973634 /* ArtistModel.swift */; };
		BD5AEB022A09864900973634 /* DeezerService+Path.swift in Sources */ = {isa = PBXBuildFile; fileRef = BD5AEB012A09864900973634 /* DeezerService+Path.swift */; };
		BD5AEB092A09958900973634 /* HomeVC.swift in Sources */ = {isa = PBXBuildFile; fileRef = BD5AEB072A09958900973634 /* HomeVC.swift */; };
		BD5AEB0A2A09958900973634 /* HomeVC.xib in Resources */ = {isa = PBXBuildFile; fileRef = BD5AEB082A09958900973634 /* HomeVC.xib */; };
		BD5AEB0F2A0995B400973634 /* FavoritesVC.swift in Sources */ = {isa = PBXBuildFile; fileRef = BD5AEB0D2A0995B400973634 /* FavoritesVC.swift */; };
		BD5AEB102A0995B400973634 /* FavoritesVC.xib in Resources */ = {isa = PBXBuildFile; fileRef = BD5AEB0E2A0995B400973634 /* FavoritesVC.xib */; };
		BD668AB52A0A883500902831 /* ArtistDetailVC.swift in Sources */ = {isa = PBXBuildFile; fileRef = BD668AB32A0A883500902831 /* ArtistDetailVC.swift */; };
		BD668AB62A0A883500902831 /* ArtistDetailVC.xib in Resources */ = {isa = PBXBuildFile; fileRef = BD668AB42A0A883500902831 /* ArtistDetailVC.xib */; };
		BD668AB82A0A9F6300902831 /* ArtistDetailVM.swift in Sources */ = {isa = PBXBuildFile; fileRef = BD668AB72A0A9F6300902831 /* ArtistDetailVM.swift */; };
		BD668ABC2A0AAE6000902831 /* ArtistDetailTableViewCell.swift in Sources */ = {isa = PBXBuildFile; fileRef = BD668ABA2A0AAE6000902831 /* ArtistDetailTableViewCell.swift */; };
		BD6924DE2A0CE53400311A00 /* CoreService.swift in Sources */ = {isa = PBXBuildFile; fileRef = BD6924DD2A0CE53400311A00 /* CoreService.swift */; };
		BD6924E02A0CEF5600311A00 /* Int+Extension.swift in Sources */ = {isa = PBXBuildFile; fileRef = BD6924DF2A0CEF5600311A00 /* Int+Extension.swift */; };
		BD6924E52A0D240500311A00 /* FavoritesTableViewCell.swift in Sources */ = {isa = PBXBuildFile; fileRef = BD6924E42A0D240500311A00 /* FavoritesTableViewCell.swift */; };
		BD6924E72A0D243000311A00 /* FavoritesTableViewCellVM.swift in Sources */ = {isa = PBXBuildFile; fileRef = BD6924E62A0D243000311A00 /* FavoritesTableViewCellVM.swift */; };
		BD6924E82A0D2B1200311A00 /* FavoritesTableViewCell.xib in Resources */ = {isa = PBXBuildFile; fileRef = BD6924E32A0D23DE00311A00 /* FavoritesTableViewCell.xib */; };
		BD8A98012A0BDB7900EA96FA /* AlbumVC.swift in Sources */ = {isa = PBXBuildFile; fileRef = BD8A97FF2A0BDB7900EA96FA /* AlbumVC.swift */; };
		BD8A98022A0BDB7900EA96FA /* AlbumVC.xib in Resources */ = {isa = PBXBuildFile; fileRef = BD8A98002A0BDB7900EA96FA /* AlbumVC.xib */; };
		BD8A98052A0BE09700EA96FA /* AlbumVM.swift in Sources */ = {isa = PBXBuildFile; fileRef = BD8A98042A0BE09700EA96FA /* AlbumVM.swift */; };
		BD99CF142A0C191A0031E074 /* ArtistDetailTableViewCell.xib in Resources */ = {isa = PBXBuildFile; fileRef = BD99CF132A0C191A0031E074 /* ArtistDetailTableViewCell.xib */; };
		BD99CF1A2A0C19A10031E074 /* ArtistCollectionViewCell.xib in Resources */ = {isa = PBXBuildFile; fileRef = BD99CF192A0C19A10031E074 /* ArtistCollectionViewCell.xib */; };
		BD99CF1F2A0C250F0031E074 /* AlbumTableViewCell.swift in Sources */ = {isa = PBXBuildFile; fileRef = BD99CF1D2A0C250F0031E074 /* AlbumTableViewCell.swift */; };
		BD99CF202A0C250F0031E074 /* AlbumTableViewCell.xib in Resources */ = {isa = PBXBuildFile; fileRef = BD99CF1E2A0C250F0031E074 /* AlbumTableViewCell.xib */; };
		BD99CF232A0C34840031E074 /* MusicPlayer.swift in Sources */ = {isa = PBXBuildFile; fileRef = BD99CF222A0C34840031E074 /* MusicPlayer.swift */; };
		BD99CF252A0C45F50031E074 /* AlbumTableViewCellVM.swift in Sources */ = {isa = PBXBuildFile; fileRef = BD99CF242A0C45F50031E074 /* AlbumTableViewCellVM.swift */; };
		BD9E5D0A2A08F747005B944F /* AppDelegate.swift in Sources */ = {isa = PBXBuildFile; fileRef = BD9E5D092A08F747005B944F /* AppDelegate.swift */; };
		BD9E5D0C2A08F747005B944F /* SceneDelegate.swift in Sources */ = {isa = PBXBuildFile; fileRef = BD9E5D0B2A08F747005B944F /* SceneDelegate.swift */; };
		BD9E5D0E2A08F747005B944F /* ViewController.swift in Sources */ = {isa = PBXBuildFile; fileRef = BD9E5D0D2A08F747005B944F /* ViewController.swift */; };
		BD9E5D142A08F747005B944F /* Appcent_Case_Study.xcdatamodeld in Sources */ = {isa = PBXBuildFile; fileRef = BD9E5D122A08F747005B944F /* Appcent_Case_Study.xcdatamodeld */; };
		BD9E5D162A08F749005B944F /* Assets.xcassets in Resources */ = {isa = PBXBuildFile; fileRef = BD9E5D152A08F749005B944F /* Assets.xcassets */; };
		BD9E5D192A08F749005B944F /* LaunchScreen.storyboard in Resources */ = {isa = PBXBuildFile; fileRef = BD9E5D172A08F749005B944F /* LaunchScreen.storyboard */; };
		BD9E5D242A08F74A005B944F /* Appcent_Case_StudyTests.swift in Sources */ = {isa = PBXBuildFile; fileRef = BD9E5D232A08F74A005B944F /* Appcent_Case_StudyTests.swift */; };
		BD9E5D2E2A08F74A005B944F /* Appcent_Case_StudyUITests.swift in Sources */ = {isa = PBXBuildFile; fileRef = BD9E5D2D2A08F74A005B944F /* Appcent_Case_StudyUITests.swift */; };
		BD9E5D302A08F74A005B944F /* Appcent_Case_StudyUITestsLaunchTests.swift in Sources */ = {isa = PBXBuildFile; fileRef = BD9E5D2F2A08F74A005B944F /* Appcent_Case_StudyUITestsLaunchTests.swift */; };
		BD9E5D402A090CD5005B944F /* Alamofire in Frameworks */ = {isa = PBXBuildFile; productRef = BD9E5D3F2A090CD5005B944F /* Alamofire */; };
		BD9E5D432A090E3C005B944F /* DeezerService.swift in Sources */ = {isa = PBXBuildFile; fileRef = BD9E5D422A090E3C005B944F /* DeezerService.swift */; };
		BDC622982A0EF7E9005BCDBE /* Loader.swift in Sources */ = {isa = PBXBuildFile; fileRef = BDC622972A0EF7E9005BCDBE /* Loader.swift */; };
		BDDB2FDF2A0D639600A83E5F /* FavoritesVM.swift in Sources */ = {isa = PBXBuildFile; fileRef = BDDB2FDE2A0D639600A83E5F /* FavoritesVM.swift */; };
		BDED5AF42A0AB0A1005CC3D4 /* UIViewController+Extension.swift in Sources */ = {isa = PBXBuildFile; fileRef = BDED5AF32A0AB0A1005CC3D4 /* UIViewController+Extension.swift */; };
		BDFAB1972A0FB7710066FDED /* AppIcon.png in Resources */ = {isa = PBXBuildFile; fileRef = BDFAB1962A0FB7710066FDED /* AppIcon.png */; };
		BDFAB1992A0FB8790066FDED /* FavoritesEmpty.json in Resources */ = {isa = PBXBuildFile; fileRef = BDFAB1982A0FB8790066FDED /* FavoritesEmpty.json */; };
/* End PBXBuildFile section */

/* Begin PBXContainerItemProxy section */
		BD9E5D202A08F74A005B944F /* PBXContainerItemProxy */ = {
			isa = PBXContainerItemProxy;
			containerPortal = BD9E5CFE2A08F747005B944F /* Project object */;
			proxyType = 1;
			remoteGlobalIDString = BD9E5D052A08F747005B944F;
			remoteInfo = "Appcent-Case-Study";
		};
		BD9E5D2A2A08F74A005B944F /* PBXContainerItemProxy */ = {
			isa = PBXContainerItemProxy;
			containerPortal = BD9E5CFE2A08F747005B944F /* Project object */;
			proxyType = 1;
			remoteGlobalIDString = BD9E5D052A08F747005B944F;
			remoteInfo = "Appcent-Case-Study";
		};
/* End PBXContainerItemProxy section */

/* Begin PBXFileReference section */
		BD1FD47B2A0A3BBE00525E67 /* HomeVM.swift */ = {isa = PBXFileReference; lastKnownFileType = sourcecode.swift; path = HomeVM.swift; sourceTree = "<group>"; };
		BD1FD47E2A0A3C6000525E67 /* CategoriesCollectionViewCell.swift */ = {isa = PBXFileReference; lastKnownFileType = sourcecode.swift; path = CategoriesCollectionViewCell.swift; sourceTree = "<group>"; };
		BD1FD47F2A0A3C6000525E67 /* CategoriesCollectionViewCell.xib */ = {isa = PBXFileReference; lastKnownFileType = file.xib; path = CategoriesCollectionViewCell.xib; sourceTree = "<group>"; };
		BD1FD4832A0A432300525E67 /* ArtistsVC.swift */ = {isa = PBXFileReference; lastKnownFileType = sourcecode.swift; path = ArtistsVC.swift; sourceTree = "<group>"; };
		BD1FD4842A0A432300525E67 /* ArtistsVC.xib */ = {isa = PBXFileReference; lastKnownFileType = file.xib; path = ArtistsVC.xib; sourceTree = "<group>"; };
		BD1FD4882A0A440C00525E67 /* ArtistCollectionViewCell.swift */ = {isa = PBXFileReference; lastKnownFileType = sourcecode.swift; path = ArtistCollectionViewCell.swift; sourceTree = "<group>"; };
		BD1FD48C2A0A452700525E67 /* ArtistsVM.swift */ = {isa = PBXFileReference; lastKnownFileType = sourcecode.swift; path = ArtistsVM.swift; sourceTree = "<group>"; };
		BD40C1382A0E768300EF5E2A /* Play.json */ = {isa = PBXFileReference; fileEncoding = 4; lastKnownFileType = text.json; path = Play.json; sourceTree = "<group>"; };
		BD40C13A2A0E9D1700EF5E2A /* Music.json */ = {isa = PBXFileReference; fileEncoding = 4; lastKnownFileType = text.json; path = Music.json; sourceTree = "<group>"; };
		BD40C13D2A0E9F8400EF5E2A /* Deezer.png */ = {isa = PBXFileReference; lastKnownFileType = image.png; path = Deezer.png; sourceTree = "<group>"; };
		BD5AEAF72A094B3A00973634 /* GenreModel.swift */ = {isa = PBXFileReference; lastKnownFileType = sourcecode.swift; path = GenreModel.swift; sourceTree = "<group>"; };
		BD5AEAF92A09642100973634 /* AlbumModel.swift */ = {isa = PBXFileReference; lastKnownFileType = sourcecode.swift; path = AlbumModel.swift; sourceTree = "<group>"; };
		BD5AEAFB2A0967C200973634 /* MusicModel.swift */ = {isa = PBXFileReference; lastKnownFileType = sourcecode.swift; path = MusicModel.swift; sourceTree = "<group>"; };
		BD5AEAFD2A096CF900973634 /* ArtistModel.swift */ = {isa = PBXFileReference; lastKnownFileType = sourcecode.swift; path = ArtistModel.swift; sourceTree = "<group>"; };
		BD5AEB012A09864900973634 /* DeezerService+Path.swift */ = {isa = PBXFileReference; lastKnownFileType = sourcecode.swift; path = "DeezerService+Path.swift"; sourceTree = "<group>"; };
		BD5AEB072A09958900973634 /* HomeVC.swift */ = {isa = PBXFileReference; lastKnownFileType = sourcecode.swift; path = HomeVC.swift; sourceTree = "<group>"; };
		BD5AEB082A09958900973634 /* HomeVC.xib */ = {isa = PBXFileReference; lastKnownFileType = file.xib; path = HomeVC.xib; sourceTree = "<group>"; };
		BD5AEB0D2A0995B400973634 /* FavoritesVC.swift */ = {isa = PBXFileReference; lastKnownFileType = sourcecode.swift; path = FavoritesVC.swift; sourceTree = "<group>"; };
		BD5AEB0E2A0995B400973634 /* FavoritesVC.xib */ = {isa = PBXFileReference; lastKnownFileType = file.xib; path = FavoritesVC.xib; sourceTree = "<group>"; };
		BD668AB32A0A883500902831 /* ArtistDetailVC.swift */ = {isa = PBXFileReference; lastKnownFileType = sourcecode.swift; path = ArtistDetailVC.swift; sourceTree = "<group>"; };
		BD668AB42A0A883500902831 /* ArtistDetailVC.xib */ = {isa = PBXFileReference; lastKnownFileType = file.xib; path = ArtistDetailVC.xib; sourceTree = "<group>"; };
		BD668AB72A0A9F6300902831 /* ArtistDetailVM.swift */ = {isa = PBXFileReference; lastKnownFileType = sourcecode.swift; path = ArtistDetailVM.swift; sourceTree = "<group>"; };
		BD668ABA2A0AAE6000902831 /* ArtistDetailTableViewCell.swift */ = {isa = PBXFileReference; lastKnownFileType = sourcecode.swift; path = ArtistDetailTableViewCell.swift; sourceTree = "<group>"; };
		BD6924DD2A0CE53400311A00 /* CoreService.swift */ = {isa = PBXFileReference; lastKnownFileType = sourcecode.swift; path = CoreService.swift; sourceTree = "<group>"; };
		BD6924DF2A0CEF5600311A00 /* Int+Extension.swift */ = {isa = PBXFileReference; lastKnownFileType = sourcecode.swift; path = "Int+Extension.swift"; sourceTree = "<group>"; };
		BD6924E32A0D23DE00311A00 /* FavoritesTableViewCell.xib */ = {isa = PBXFileReference; lastKnownFileType = file.xib; path = FavoritesTableViewCell.xib; sourceTree = "<group>"; };
		BD6924E42A0D240500311A00 /* FavoritesTableViewCell.swift */ = {isa = PBXFileReference; lastKnownFileType = sourcecode.swift; path = FavoritesTableViewCell.swift; sourceTree = "<group>"; };
		BD6924E62A0D243000311A00 /* FavoritesTableViewCellVM.swift */ = {isa = PBXFileReference; lastKnownFileType = sourcecode.swift; path = FavoritesTableViewCellVM.swift; sourceTree = "<group>"; };
		BD8A97FF2A0BDB7900EA96FA /* AlbumVC.swift */ = {isa = PBXFileReference; lastKnownFileType = sourcecode.swift; path = AlbumVC.swift; sourceTree = "<group>"; };
		BD8A98002A0BDB7900EA96FA /* AlbumVC.xib */ = {isa = PBXFileReference; lastKnownFileType = file.xib; path = AlbumVC.xib; sourceTree = "<group>"; };
		BD8A98042A0BE09700EA96FA /* AlbumVM.swift */ = {isa = PBXFileReference; lastKnownFileType = sourcecode.swift; path = AlbumVM.swift; sourceTree = "<group>"; };
		BD99CF132A0C191A0031E074 /* ArtistDetailTableViewCell.xib */ = {isa = PBXFileReference; fileEncoding = 4; lastKnownFileType = file.xib; path = ArtistDetailTableViewCell.xib; sourceTree = "<group>"; };
		BD99CF192A0C19A10031E074 /* ArtistCollectionViewCell.xib */ = {isa = PBXFileReference; fileEncoding = 4; lastKnownFileType = file.xib; path = ArtistCollectionViewCell.xib; sourceTree = "<group>"; };
		BD99CF1D2A0C250F0031E074 /* AlbumTableViewCell.swift */ = {isa = PBXFileReference; lastKnownFileType = sourcecode.swift; path = AlbumTableViewCell.swift; sourceTree = "<group>"; };
		BD99CF1E2A0C250F0031E074 /* AlbumTableViewCell.xib */ = {isa = PBXFileReference; lastKnownFileType = file.xib; path = AlbumTableViewCell.xib; sourceTree = "<group>"; };
		BD99CF222A0C34840031E074 /* MusicPlayer.swift */ = {isa = PBXFileReference; lastKnownFileType = sourcecode.swift; path = MusicPlayer.swift; sourceTree = "<group>"; };
		BD99CF242A0C45F50031E074 /* AlbumTableViewCellVM.swift */ = {isa = PBXFileReference; lastKnownFileType = sourcecode.swift; path = AlbumTableViewCellVM.swift; sourceTree = "<group>"; };
		BD9E5D062A08F747005B944F /* Appcent-Case-Study.app */ = {isa = PBXFileReference; explicitFileType = wrapper.application; includeInIndex = 0; path = "Appcent-Case-Study.app"; sourceTree = BUILT_PRODUCTS_DIR; };
		BD9E5D092A08F747005B944F /* AppDelegate.swift */ = {isa = PBXFileReference; lastKnownFileType = sourcecode.swift; path = AppDelegate.swift; sourceTree = "<group>"; };
		BD9E5D0B2A08F747005B944F /* SceneDelegate.swift */ = {isa = PBXFileReference; lastKnownFileType = sourcecode.swift; path = SceneDelegate.swift; sourceTree = "<group>"; };
		BD9E5D0D2A08F747005B944F /* ViewController.swift */ = {isa = PBXFileReference; lastKnownFileType = sourcecode.swift; path = ViewController.swift; sourceTree = "<group>"; };
		BD9E5D132A08F747005B944F /* Appcent_Case_Study.xcdatamodel */ = {isa = PBXFileReference; lastKnownFileType = wrapper.xcdatamodel; path = Appcent_Case_Study.xcdatamodel; sourceTree = "<group>"; };
		BD9E5D152A08F749005B944F /* Assets.xcassets */ = {isa = PBXFileReference; lastKnownFileType = folder.assetcatalog; path = Assets.xcassets; sourceTree = "<group>"; };
		BD9E5D182A08F749005B944F /* Base */ = {isa = PBXFileReference; lastKnownFileType = file.storyboard; name = Base; path = Base.lproj/LaunchScreen.storyboard; sourceTree = "<group>"; };
		BD9E5D1A2A08F749005B944F /* Info.plist */ = {isa = PBXFileReference; lastKnownFileType = text.plist.xml; path = Info.plist; sourceTree = "<group>"; };
		BD9E5D1F2A08F74A005B944F /* Appcent-Case-StudyTests.xctest */ = {isa = PBXFileReference; explicitFileType = wrapper.cfbundle; includeInIndex = 0; path = "Appcent-Case-StudyTests.xctest"; sourceTree = BUILT_PRODUCTS_DIR; };
		BD9E5D232A08F74A005B944F /* Appcent_Case_StudyTests.swift */ = {isa = PBXFileReference; lastKnownFileType = sourcecode.swift; path = Appcent_Case_StudyTests.swift; sourceTree = "<group>"; };
		BD9E5D292A08F74A005B944F /* Appcent-Case-StudyUITests.xctest */ = {isa = PBXFileReference; explicitFileType = wrapper.cfbundle; includeInIndex = 0; path = "Appcent-Case-StudyUITests.xctest"; sourceTree = BUILT_PRODUCTS_DIR; };
		BD9E5D2D2A08F74A005B944F /* Appcent_Case_StudyUITests.swift */ = {isa = PBXFileReference; lastKnownFileType = sourcecode.swift; path = Appcent_Case_StudyUITests.swift; sourceTree = "<group>"; };
		BD9E5D2F2A08F74A005B944F /* Appcent_Case_StudyUITestsLaunchTests.swift */ = {isa = PBXFileReference; lastKnownFileType = sourcecode.swift; path = Appcent_Case_StudyUITestsLaunchTests.swift; sourceTree = "<group>"; };
		BD9E5D422A090E3C005B944F /* DeezerService.swift */ = {isa = PBXFileReference; lastKnownFileType = sourcecode.swift; path = DeezerService.swift; sourceTree = "<group>"; };
		BDC622972A0EF7E9005BCDBE /* Loader.swift */ = {isa = PBXFileReference; lastKnownFileType = sourcecode.swift; path = Loader.swift; sourceTree = "<group>"; };
		BDDB2FDE2A0D639600A83E5F /* FavoritesVM.swift */ = {isa = PBXFileReference; lastKnownFileType = sourcecode.swift; path = FavoritesVM.swift; sourceTree = "<group>"; };
		BDED5AF32A0AB0A1005CC3D4 /* UIViewController+Extension.swift */ = {isa = PBXFileReference; lastKnownFileType = sourcecode.swift; path = "UIViewController+Extension.swift"; sourceTree = "<group>"; };
		BDFAB1962A0FB7710066FDED /* AppIcon.png */ = {isa = PBXFileReference; lastKnownFileType = image.png; path = AppIcon.png; sourceTree = "<group>"; };
		BDFAB1982A0FB8790066FDED /* FavoritesEmpty.json */ = {isa = PBXFileReference; fileEncoding = 4; lastKnownFileType = text.json; path = FavoritesEmpty.json; sourceTree = "<group>"; };
/* End PBXFileReference section */

/* Begin PBXFrameworksBuildPhase section */
		BD9E5D032A08F747005B944F /* Frameworks */ = {
			isa = PBXFrameworksBuildPhase;
			buildActionMask = 2147483647;
			files = (
				BD40C1332A0E6E0B00EF5E2A /* ProgressHUD in Frameworks */,
				BD1FD4792A0A3AA200525E67 /* Kingfisher in Frameworks */,
				BD1FD4762A0A3A9000525E67 /* RxSwift in Frameworks */,
				BD1FD4742A0A3A9000525E67 /* RxCocoa in Frameworks */,
				BD9E5D402A090CD5005B944F /* Alamofire in Frameworks */,
				BD40C1362A0E75CC00EF5E2A /* Lottie in Frameworks */,
			);
			runOnlyForDeploymentPostprocessing = 0;
		};
		BD9E5D1C2A08F74A005B944F /* Frameworks */ = {
			isa = PBXFrameworksBuildPhase;
			buildActionMask = 2147483647;
			files = (
			);
			runOnlyForDeploymentPostprocessing = 0;
		};
		BD9E5D262A08F74A005B944F /* Frameworks */ = {
			isa = PBXFrameworksBuildPhase;
			buildActionMask = 2147483647;
			files = (
			);
			runOnlyForDeploymentPostprocessing = 0;
		};
/* End PBXFrameworksBuildPhase section */

/* Begin PBXGroup section */
		BD1FD47D2A0A3C4700525E67 /* Cell */ = {
			isa = PBXGroup;
			children = (
				BD1FD47E2A0A3C6000525E67 /* CategoriesCollectionViewCell.swift */,
				BD1FD47F2A0A3C6000525E67 /* CategoriesCollectionViewCell.xib */,
			);
			path = Cell;
			sourceTree = "<group>";
		};
		BD1FD4822A0A42E100525E67 /* ArtistsList */ = {
			isa = PBXGroup;
			children = (
				BD1FD4872A0A43DB00525E67 /* Cell */,
				BD1FD4832A0A432300525E67 /* ArtistsVC.swift */,
				BD1FD48C2A0A452700525E67 /* ArtistsVM.swift */,
				BD1FD4842A0A432300525E67 /* ArtistsVC.xib */,
				BD5AEAFD2A096CF900973634 /* ArtistModel.swift */,
			);
			path = ArtistsList;
			sourceTree = "<group>";
		};
		BD1FD4872A0A43DB00525E67 /* Cell */ = {
			isa = PBXGroup;
			children = (
				BD99CF192A0C19A10031E074 /* ArtistCollectionViewCell.xib */,
				BD1FD4882A0A440C00525E67 /* ArtistCollectionViewCell.swift */,
			);
			path = Cell;
			sourceTree = "<group>";
		};
		BD40C1372A0E766E00EF5E2A /* Assets */ = {
			isa = PBXGroup;
			children = (
				BD40C13D2A0E9F8400EF5E2A /* Deezer.png */,
				BDFAB1962A0FB7710066FDED /* AppIcon.png */,
				BD40C13A2A0E9D1700EF5E2A /* Music.json */,
				BD40C1382A0E768300EF5E2A /* Play.json */,
				BDFAB1982A0FB8790066FDED /* FavoritesEmpty.json */,
				BD9E5D152A08F749005B944F /* Assets.xcassets */,
			);
			path = Assets;
			sourceTree = "<group>";
		};
		BD40C13C2A0E9DE900EF5E2A /* LaunchScreen */ = {
			isa = PBXGroup;
			children = (
				BD9E5D172A08F749005B944F /* LaunchScreen.storyboard */,
			);
			path = LaunchScreen;
			sourceTree = "<group>";
		};
		BD5AEAFF2A09861300973634 /* Extensions */ = {
			isa = PBXGroup;
			children = (
				BD5AEB002A09862200973634 /* Service */,
				BDED5AF32A0AB0A1005CC3D4 /* UIViewController+Extension.swift */,
				BD6924DF2A0CEF5600311A00 /* Int+Extension.swift */,
			);
			path = Extensions;
			sourceTree = "<group>";
		};
		BD5AEB002A09862200973634 /* Service */ = {
			isa = PBXGroup;
			children = (
				BD5AEB012A09864900973634 /* DeezerService+Path.swift */,
			);
			path = Service;
			sourceTree = "<group>";
		};
		BD5AEB032A09876300973634 /* Utilities */ = {
			isa = PBXGroup;
			children = (
				BD5AEAFF2A09861300973634 /* Extensions */,
			);
			path = Utilities;
			sourceTree = "<group>";
		};
		BD5AEB0B2A09959100973634 /* Home */ = {
			isa = PBXGroup;
			children = (
				BD1FD47D2A0A3C4700525E67 /* Cell */,
				BD5AEB072A09958900973634 /* HomeVC.swift */,
				BD1FD47B2A0A3BBE00525E67 /* HomeVM.swift */,
				BD5AEB082A09958900973634 /* HomeVC.xib */,
				BD5AEAF72A094B3A00973634 /* GenreModel.swift */,
			);
			path = Home;
			sourceTree = "<group>";
		};
		BD5AEB0C2A09959D00973634 /* Favorites */ = {
			isa = PBXGroup;
			children = (
				BD6924E12A0CF3D400311A00 /* Cell */,
				BD5AEB0D2A0995B400973634 /* FavoritesVC.swift */,
				BD5AEB0E2A0995B400973634 /* FavoritesVC.xib */,
				BDDB2FDE2A0D639600A83E5F /* FavoritesVM.swift */,
			);
			name = Favorites;
			path = View/Favorites;
			sourceTree = "<group>";
		};
		BD668AB22A0A87C600902831 /* ArtistDetailPage */ = {
			isa = PBXGroup;
			children = (
				BD668AB92A0AAE3800902831 /* Cell */,
				BD668AB32A0A883500902831 /* ArtistDetailVC.swift */,
				BD668AB72A0A9F6300902831 /* ArtistDetailVM.swift */,
				BD668AB42A0A883500902831 /* ArtistDetailVC.xib */,
			);
			path = ArtistDetailPage;
			sourceTree = "<group>";
		};
		BD668AB92A0AAE3800902831 /* Cell */ = {
			isa = PBXGroup;
			children = (
				BD99CF132A0C191A0031E074 /* ArtistDetailTableViewCell.xib */,
				BD668ABA2A0AAE6000902831 /* ArtistDetailTableViewCell.swift */,
			);
			path = Cell;
			sourceTree = "<group>";
		};
		BD6924E12A0CF3D400311A00 /* Cell */ = {
			isa = PBXGroup;
			children = (
				BD6924E32A0D23DE00311A00 /* FavoritesTableViewCell.xib */,
				BD6924E42A0D240500311A00 /* FavoritesTableViewCell.swift */,
				BD6924E62A0D243000311A00 /* FavoritesTableViewCellVM.swift */,
			);
			path = Cell;
			sourceTree = "<group>";
		};
		BD8A97FE2A0BDB5700EA96FA /* Album */ = {
			isa = PBXGroup;
			children = (
				BD8A98062A0C15AC00EA96FA /* Cell */,
				BD8A98042A0BE09700EA96FA /* AlbumVM.swift */,
				BD8A97FF2A0BDB7900EA96FA /* AlbumVC.swift */,
				BD8A98002A0BDB7900EA96FA /* AlbumVC.xib */,
				BD5AEAFB2A0967C200973634 /* MusicModel.swift */,
				BD5AEAF92A09642100973634 /* AlbumModel.swift */,
			);
			name = Album;
			path = View/Album;
			sourceTree = "<group>";
		};
		BD8A98062A0C15AC00EA96FA /* Cell */ = {
			isa = PBXGroup;
			children = (
				BD99CF1D2A0C250F0031E074 /* AlbumTableViewCell.swift */,
				BD99CF1E2A0C250F0031E074 /* AlbumTableViewCell.xib */,
				BD99CF242A0C45F50031E074 /* AlbumTableViewCellVM.swift */,
			);
			path = Cell;
			sourceTree = "<group>";
		};
		BD99CF212A0C345E0031E074 /* Shared */ = {
			isa = PBXGroup;
			children = (
				BD99CF222A0C34840031E074 /* MusicPlayer.swift */,
				BDC622972A0EF7E9005BCDBE /* Loader.swift */,
			);
			path = Shared;
			sourceTree = "<group>";
		};
		BD9E5CFD2A08F747005B944F = {
			isa = PBXGroup;
			children = (
				BD9E5D082A08F747005B944F /* Appcent-Case-Study */,
				BD9E5D222A08F74A005B944F /* Appcent-Case-StudyTests */,
				BD9E5D2C2A08F74A005B944F /* Appcent-Case-StudyUITests */,
				BD9E5D072A08F747005B944F /* Products */,
			);
			sourceTree = "<group>";
		};
		BD9E5D072A08F747005B944F /* Products */ = {
			isa = PBXGroup;
			children = (
				BD9E5D062A08F747005B944F /* Appcent-Case-Study.app */,
				BD9E5D1F2A08F74A005B944F /* Appcent-Case-StudyTests.xctest */,
				BD9E5D292A08F74A005B944F /* Appcent-Case-StudyUITests.xctest */,
			);
			name = Products;
			sourceTree = "<group>";
		};
		BD9E5D082A08F747005B944F /* Appcent-Case-Study */ = {
			isa = PBXGroup;
			children = (
				BD9E5D3D2A08FFDB005B944F /* Features */,
				BD9E5D3C2A08FD92005B944F /* Core */,
				BD9E5D1A2A08F749005B944F /* Info.plist */,
				BD9E5D122A08F747005B944F /* Appcent_Case_Study.xcdatamodeld */,
			);
			path = "Appcent-Case-Study";
			sourceTree = "<group>";
		};
		BD9E5D222A08F74A005B944F /* Appcent-Case-StudyTests */ = {
			isa = PBXGroup;
			children = (
				BD9E5D232A08F74A005B944F /* Appcent_Case_StudyTests.swift */,
			);
			path = "Appcent-Case-StudyTests";
			sourceTree = "<group>";
		};
		BD9E5D2C2A08F74A005B944F /* Appcent-Case-StudyUITests */ = {
			isa = PBXGroup;
			children = (
				BD9E5D2D2A08F74A005B944F /* Appcent_Case_StudyUITests.swift */,
				BD9E5D2F2A08F74A005B944F /* Appcent_Case_StudyUITestsLaunchTests.swift */,
			);
			path = "Appcent-Case-StudyUITests";
			sourceTree = "<group>";
		};
		BD9E5D3C2A08FD92005B944F /* Core */ = {
			isa = PBXGroup;
			children = (
				BD40C13C2A0E9DE900EF5E2A /* LaunchScreen */,
				BD40C1372A0E766E00EF5E2A /* Assets */,
				BD9E5D092A08F747005B944F /* AppDelegate.swift */,
				BD9E5D0B2A08F747005B944F /* SceneDelegate.swift */,
				BD9E5D0D2A08F747005B944F /* ViewController.swift */,
			);
			path = Core;
			sourceTree = "<group>";
		};
		BD9E5D3D2A08FFDB005B944F /* Features */ = {
			isa = PBXGroup;
			children = (
				BD5AEB0B2A09959100973634 /* Home */,
				BD5AEB0C2A09959D00973634 /* Favorites */,
				BD1FD4822A0A42E100525E67 /* ArtistsList */,
				BD668AB22A0A87C600902831 /* ArtistDetailPage */,
				BD8A97FE2A0BDB5700EA96FA /* Album */,
				BD99CF212A0C345E0031E074 /* Shared */,
				BD5AEB032A09876300973634 /* Utilities */,
				BD9E5D412A090DF9005B944F /* Service */,
			);
			path = Features;
			sourceTree = "<group>";
		};
		BD9E5D412A090DF9005B944F /* Service */ = {
			isa = PBXGroup;
			children = (
				BD9E5D422A090E3C005B944F /* DeezerService.swift */,
				BD6924DD2A0CE53400311A00 /* CoreService.swift */,
			);
			path = Service;
			sourceTree = "<group>";
		};
/* End PBXGroup section */

/* Begin PBXNativeTarget section */
		BD9E5D052A08F747005B944F /* Appcent-Case-Study */ = {
			isa = PBXNativeTarget;
			buildConfigurationList = BD9E5D332A08F74A005B944F /* Build configuration list for PBXNativeTarget "Appcent-Case-Study" */;
			buildPhases = (
				BD9E5D022A08F747005B944F /* Sources */,
				BD9E5D032A08F747005B944F /* Frameworks */,
				BD9E5D042A08F747005B944F /* Resources */,
			);
			buildRules = (
			);
			dependencies = (
			);
			name = "Appcent-Case-Study";
			packageProductDependencies = (
				BD9E5D3F2A090CD5005B944F /* Alamofire */,
				BD1FD4732A0A3A9000525E67 /* RxCocoa */,
				BD1FD4752A0A3A9000525E67 /* RxSwift */,
				BD1FD4782A0A3AA200525E67 /* Kingfisher */,
				BD40C1322A0E6E0B00EF5E2A /* ProgressHUD */,
				BD40C1352A0E75CC00EF5E2A /* Lottie */,
			);
			productName = "Appcent-Case-Study";
			productReference = BD9E5D062A08F747005B944F /* Appcent-Case-Study.app */;
			productType = "com.apple.product-type.application";
		};
		BD9E5D1E2A08F74A005B944F /* Appcent-Case-StudyTests */ = {
			isa = PBXNativeTarget;
			buildConfigurationList = BD9E5D362A08F74A005B944F /* Build configuration list for PBXNativeTarget "Appcent-Case-StudyTests" */;
			buildPhases = (
				BD9E5D1B2A08F74A005B944F /* Sources */,
				BD9E5D1C2A08F74A005B944F /* Frameworks */,
				BD9E5D1D2A08F74A005B944F /* Resources */,
			);
			buildRules = (
			);
			dependencies = (
				BD9E5D212A08F74A005B944F /* PBXTargetDependency */,
			);
			name = "Appcent-Case-StudyTests";
			productName = "Appcent-Case-StudyTests";
			productReference = BD9E5D1F2A08F74A005B944F /* Appcent-Case-StudyTests.xctest */;
			productType = "com.apple.product-type.bundle.unit-test";
		};
		BD9E5D282A08F74A005B944F /* Appcent-Case-StudyUITests */ = {
			isa = PBXNativeTarget;
			buildConfigurationList = BD9E5D392A08F74A005B944F /* Build configuration list for PBXNativeTarget "Appcent-Case-StudyUITests" */;
			buildPhases = (
				BD9E5D252A08F74A005B944F /* Sources */,
				BD9E5D262A08F74A005B944F /* Frameworks */,
				BD9E5D272A08F74A005B944F /* Resources */,
			);
			buildRules = (
			);
			dependencies = (
				BD9E5D2B2A08F74A005B944F /* PBXTargetDependency */,
			);
			name = "Appcent-Case-StudyUITests";
			productName = "Appcent-Case-StudyUITests";
			productReference = BD9E5D292A08F74A005B944F /* Appcent-Case-StudyUITests.xctest */;
			productType = "com.apple.product-type.bundle.ui-testing";
		};
/* End PBXNativeTarget section */

/* Begin PBXProject section */
		BD9E5CFE2A08F747005B944F /* Project object */ = {
			isa = PBXProject;
			attributes = {
				BuildIndependentTargetsInParallel = 1;
				LastSwiftUpdateCheck = 1420;
				LastUpgradeCheck = 1420;
				TargetAttributes = {
					BD9E5D052A08F747005B944F = {
						CreatedOnToolsVersion = 14.2;
					};
					BD9E5D1E2A08F74A005B944F = {
						CreatedOnToolsVersion = 14.2;
						TestTargetID = BD9E5D052A08F747005B944F;
					};
					BD9E5D282A08F74A005B944F = {
						CreatedOnToolsVersion = 14.2;
						TestTargetID = BD9E5D052A08F747005B944F;
					};
				};
			};
			buildConfigurationList = BD9E5D012A08F747005B944F /* Build configuration list for PBXProject "Appcent-Case-Study" */;
			compatibilityVersion = "Xcode 14.0";
			developmentRegion = en;
			hasScannedForEncodings = 0;
			knownRegions = (
				en,
				Base,
			);
			mainGroup = BD9E5CFD2A08F747005B944F;
			packageReferences = (
				BD9E5D3E2A090CD5005B944F /* XCRemoteSwiftPackageReference "Alamofire" */,
				BD1FD4722A0A3A9000525E67 /* XCRemoteSwiftPackageReference "RxSwift" */,
				BD1FD4772A0A3AA200525E67 /* XCRemoteSwiftPackageReference "Kingfisher" */,
				BD40C1312A0E6E0B00EF5E2A /* XCRemoteSwiftPackageReference "ProgressHUD" */,
				BD40C1342A0E75CC00EF5E2A /* XCRemoteSwiftPackageReference "lottie-spm" */,
			);
			productRefGroup = BD9E5D072A08F747005B944F /* Products */;
			projectDirPath = "";
			projectRoot = "";
			targets = (
				BD9E5D052A08F747005B944F /* Appcent-Case-Study */,
				BD9E5D1E2A08F74A005B944F /* Appcent-Case-StudyTests */,
				BD9E5D282A08F74A005B944F /* Appcent-Case-StudyUITests */,
			);
		};
/* End PBXProject section */

/* Begin PBXResourcesBuildPhase section */
		BD9E5D042A08F747005B944F /* Resources */ = {
			isa = PBXResourcesBuildPhase;
			buildActionMask = 2147483647;
			files = (
				BD40C13E2A0E9F8400EF5E2A /* Deezer.png in Resources */,
				BD8A98022A0BDB7900EA96FA /* AlbumVC.xib in Resources */,
				BD5AEB102A0995B400973634 /* FavoritesVC.xib in Resources */,
				BD1FD4862A0A432300525E67 /* ArtistsVC.xib in Resources */,
				BD99CF1A2A0C19A10031E074 /* ArtistCollectionViewCell.xib in Resources */,
				BD9E5D192A08F749005B944F /* LaunchScreen.storyboard in Resources */,
				BD1FD4812A0A3C6000525E67 /* CategoriesCollectionViewCell.xib in Resources */,
				BD5AEB0A2A09958900973634 /* HomeVC.xib in Resources */,
				BDFAB1972A0FB7710066FDED /* AppIcon.png in Resources */,
				BD99CF142A0C191A0031E074 /* ArtistDetailTableViewCell.xib in Resources */,
				BDFAB1992A0FB8790066FDED /* FavoritesEmpty.json in Resources */,
				BD40C1392A0E768300EF5E2A /* Play.json in Resources */,
				BD668AB62A0A883500902831 /* ArtistDetailVC.xib in Resources */,
				BD9E5D162A08F749005B944F /* Assets.xcassets in Resources */,
				BD6924E82A0D2B1200311A00 /* FavoritesTableViewCell.xib in Resources */,
				BD99CF202A0C250F0031E074 /* AlbumTableViewCell.xib in Resources */,
				BD40C13B2A0E9D1700EF5E2A /* Music.json in Resources */,
			);
			runOnlyForDeploymentPostprocessing = 0;
		};
		BD9E5D1D2A08F74A005B944F /* Resources */ = {
			isa = PBXResourcesBuildPhase;
			buildActionMask = 2147483647;
			files = (
			);
			runOnlyForDeploymentPostprocessing = 0;
		};
		BD9E5D272A08F74A005B944F /* Resources */ = {
			isa = PBXResourcesBuildPhase;
			buildActionMask = 2147483647;
			files = (
			);
			runOnlyForDeploymentPostprocessing = 0;
		};
/* End PBXResourcesBuildPhase section */

/* Begin PBXSourcesBuildPhase section */
		BD9E5D022A08F747005B944F /* Sources */ = {
			isa = PBXSourcesBuildPhase;
			buildActionMask = 2147483647;
			files = (
				BD99CF232A0C34840031E074 /* MusicPlayer.swift in Sources */,
				BD5AEB022A09864900973634 /* DeezerService+Path.swift in Sources */,
				BDDB2FDF2A0D639600A83E5F /* FavoritesVM.swift in Sources */,
				BD9E5D0E2A08F747005B944F /* ViewController.swift in Sources */,
				BD8A98012A0BDB7900EA96FA /* AlbumVC.swift in Sources */,
				BD5AEAF82A094B3A00973634 /* GenreModel.swift in Sources */,
				BD5AEAFE2A096CF900973634 /* ArtistModel.swift in Sources */,
				BD9E5D432A090E3C005B944F /* DeezerService.swift in Sources */,
				BD9E5D142A08F747005B944F /* Appcent_Case_Study.xcdatamodeld in Sources */,
				BD5AEAFA2A09642100973634 /* AlbumModel.swift in Sources */,
				BD9E5D0A2A08F747005B944F /* AppDelegate.swift in Sources */,
				BDC622982A0EF7E9005BCDBE /* Loader.swift in Sources */,
				BD668AB82A0A9F6300902831 /* ArtistDetailVM.swift in Sources */,
				BD99CF252A0C45F50031E074 /* AlbumTableViewCellVM.swift in Sources */,
				BD99CF1F2A0C250F0031E074 /* AlbumTableViewCell.swift in Sources */,
				BD668ABC2A0AAE6000902831 /* ArtistDetailTableViewCell.swift in Sources */,
				BD5AEB0F2A0995B400973634 /* FavoritesVC.swift in Sources */,
				BD8A98052A0BE09700EA96FA /* AlbumVM.swift in Sources */,
				BD6924E02A0CEF5600311A00 /* Int+Extension.swift in Sources */,
				BD1FD48D2A0A452700525E67 /* ArtistsVM.swift in Sources */,
				BDED5AF42A0AB0A1005CC3D4 /* UIViewController+Extension.swift in Sources */,
				BD1FD48A2A0A440C00525E67 /* ArtistCollectionViewCell.swift in Sources */,
				BD1FD4852A0A432300525E67 /* ArtistsVC.swift in Sources */,
				BD6924E72A0D243000311A00 /* FavoritesTableViewCellVM.swift in Sources */,
				BD1FD4802A0A3C6000525E67 /* CategoriesCollectionViewCell.swift in Sources */,
				BD668AB52A0A883500902831 /* ArtistDetailVC.swift in Sources */,
				BD1FD47C2A0A3BBE00525E67 /* HomeVM.swift in Sources */,
				BD9E5D0C2A08F747005B944F /* SceneDelegate.swift in Sources */,
				BD6924E52A0D240500311A00 /* FavoritesTableViewCell.swift in Sources */,
				BD5AEB092A09958900973634 /* HomeVC.swift in Sources */,
				BD6924DE2A0CE53400311A00 /* CoreService.swift in Sources */,
				BD5AEAFC2A0967C200973634 /* MusicModel.swift in Sources */,
			);
			runOnlyForDeploymentPostprocessing = 0;
		};
		BD9E5D1B2A08F74A005B944F /* Sources */ = {
			isa = PBXSourcesBuildPhase;
			buildActionMask = 2147483647;
			files = (
				BD9E5D242A08F74A005B944F /* Appcent_Case_StudyTests.swift in Sources */,
			);
			runOnlyForDeploymentPostprocessing = 0;
		};
		BD9E5D252A08F74A005B944F /* Sources */ = {
			isa = PBXSourcesBuildPhase;
			buildActionMask = 2147483647;
			files = (
				BD9E5D302A08F74A005B944F /* Appcent_Case_StudyUITestsLaunchTests.swift in Sources */,
				BD9E5D2E2A08F74A005B944F /* Appcent_Case_StudyUITests.swift in Sources */,
			);
			runOnlyForDeploymentPostprocessing = 0;
		};
/* End PBXSourcesBuildPhase section */

/* Begin PBXTargetDependency section */
		BD9E5D212A08F74A005B944F /* PBXTargetDependency */ = {
			isa = PBXTargetDependency;
			target = BD9E5D052A08F747005B944F /* Appcent-Case-Study */;
			targetProxy = BD9E5D202A08F74A005B944F /* PBXContainerItemProxy */;
		};
		BD9E5D2B2A08F74A005B944F /* PBXTargetDependency */ = {
			isa = PBXTargetDependency;
			target = BD9E5D052A08F747005B944F /* Appcent-Case-Study */;
			targetProxy = BD9E5D2A2A08F74A005B944F /* PBXContainerItemProxy */;
		};
/* End PBXTargetDependency section */

/* Begin PBXVariantGroup section */
		BD9E5D172A08F749005B944F /* LaunchScreen.storyboard */ = {
			isa = PBXVariantGroup;
			children = (
				BD9E5D182A08F749005B944F /* Base */,
			);
			name = LaunchScreen.storyboard;
			sourceTree = "<group>";
		};
/* End PBXVariantGroup section */

/* Begin XCBuildConfiguration section */
		BD9E5D312A08F74A005B944F /* Debug */ = {
			isa = XCBuildConfiguration;
			buildSettings = {
				ALWAYS_SEARCH_USER_PATHS = NO;
				CLANG_ANALYZER_NONNULL = YES;
				CLANG_ANALYZER_NUMBER_OBJECT_CONVERSION = YES_AGGRESSIVE;
				CLANG_CXX_LANGUAGE_STANDARD = "gnu++20";
				CLANG_ENABLE_MODULES = YES;
				CLANG_ENABLE_OBJC_ARC = YES;
				CLANG_ENABLE_OBJC_WEAK = YES;
				CLANG_WARN_BLOCK_CAPTURE_AUTORELEASING = YES;
				CLANG_WARN_BOOL_CONVERSION = YES;
				CLANG_WARN_COMMA = YES;
				CLANG_WARN_CONSTANT_CONVERSION = YES;
				CLANG_WARN_DEPRECATED_OBJC_IMPLEMENTATIONS = YES;
				CLANG_WARN_DIRECT_OBJC_ISA_USAGE = YES_ERROR;
				CLANG_WARN_DOCUMENTATION_COMMENTS = YES;
				CLANG_WARN_EMPTY_BODY = YES;
				CLANG_WARN_ENUM_CONVERSION = YES;
				CLANG_WARN_INFINITE_RECURSION = YES;
				CLANG_WARN_INT_CONVERSION = YES;
				CLANG_WARN_NON_LITERAL_NULL_CONVERSION = YES;
				CLANG_WARN_OBJC_IMPLICIT_RETAIN_SELF = YES;
				CLANG_WARN_OBJC_LITERAL_CONVERSION = YES;
				CLANG_WARN_OBJC_ROOT_CLASS = YES_ERROR;
				CLANG_WARN_QUOTED_INCLUDE_IN_FRAMEWORK_HEADER = YES;
				CLANG_WARN_RANGE_LOOP_ANALYSIS = YES;
				CLANG_WARN_STRICT_PROTOTYPES = YES;
				CLANG_WARN_SUSPICIOUS_MOVE = YES;
				CLANG_WARN_UNGUARDED_AVAILABILITY = YES_AGGRESSIVE;
				CLANG_WARN_UNREACHABLE_CODE = YES;
				CLANG_WARN__DUPLICATE_METHOD_MATCH = YES;
				COPY_PHASE_STRIP = NO;
				DEBUG_INFORMATION_FORMAT = dwarf;
				ENABLE_STRICT_OBJC_MSGSEND = YES;
				ENABLE_TESTABILITY = YES;
				GCC_C_LANGUAGE_STANDARD = gnu11;
				GCC_DYNAMIC_NO_PIC = NO;
				GCC_NO_COMMON_BLOCKS = YES;
				GCC_OPTIMIZATION_LEVEL = 0;
				GCC_PREPROCESSOR_DEFINITIONS = (
					"DEBUG=1",
					"$(inherited)",
				);
				GCC_WARN_64_TO_32_BIT_CONVERSION = YES;
				GCC_WARN_ABOUT_RETURN_TYPE = YES_ERROR;
				GCC_WARN_UNDECLARED_SELECTOR = YES;
				GCC_WARN_UNINITIALIZED_AUTOS = YES_AGGRESSIVE;
				GCC_WARN_UNUSED_FUNCTION = YES;
				GCC_WARN_UNUSED_VARIABLE = YES;
				IPHONEOS_DEPLOYMENT_TARGET = 16.2;
				MTL_ENABLE_DEBUG_INFO = INCLUDE_SOURCE;
				MTL_FAST_MATH = YES;
				ONLY_ACTIVE_ARCH = YES;
				SDKROOT = iphoneos;
				SWIFT_ACTIVE_COMPILATION_CONDITIONS = DEBUG;
				SWIFT_OPTIMIZATION_LEVEL = "-Onone";
			};
			name = Debug;
		};
		BD9E5D322A08F74A005B944F /* Release */ = {
			isa = XCBuildConfiguration;
			buildSettings = {
				ALWAYS_SEARCH_USER_PATHS = NO;
				CLANG_ANALYZER_NONNULL = YES;
				CLANG_ANALYZER_NUMBER_OBJECT_CONVERSION = YES_AGGRESSIVE;
				CLANG_CXX_LANGUAGE_STANDARD = "gnu++20";
				CLANG_ENABLE_MODULES = YES;
				CLANG_ENABLE_OBJC_ARC = YES;
				CLANG_ENABLE_OBJC_WEAK = YES;
				CLANG_WARN_BLOCK_CAPTURE_AUTORELEASING = YES;
				CLANG_WARN_BOOL_CONVERSION = YES;
				CLANG_WARN_COMMA = YES;
				CLANG_WARN_CONSTANT_CONVERSION = YES;
				CLANG_WARN_DEPRECATED_OBJC_IMPLEMENTATIONS = YES;
				CLANG_WARN_DIRECT_OBJC_ISA_USAGE = YES_ERROR;
				CLANG_WARN_DOCUMENTATION_COMMENTS = YES;
				CLANG_WARN_EMPTY_BODY = YES;
				CLANG_WARN_ENUM_CONVERSION = YES;
				CLANG_WARN_INFINITE_RECURSION = YES;
				CLANG_WARN_INT_CONVERSION = YES;
				CLANG_WARN_NON_LITERAL_NULL_CONVERSION = YES;
				CLANG_WARN_OBJC_IMPLICIT_RETAIN_SELF = YES;
				CLANG_WARN_OBJC_LITERAL_CONVERSION = YES;
				CLANG_WARN_OBJC_ROOT_CLASS = YES_ERROR;
				CLANG_WARN_QUOTED_INCLUDE_IN_FRAMEWORK_HEADER = YES;
				CLANG_WARN_RANGE_LOOP_ANALYSIS = YES;
				CLANG_WARN_STRICT_PROTOTYPES = YES;
				CLANG_WARN_SUSPICIOUS_MOVE = YES;
				CLANG_WARN_UNGUARDED_AVAILABILITY = YES_AGGRESSIVE;
				CLANG_WARN_UNREACHABLE_CODE = YES;
				CLANG_WARN__DUPLICATE_METHOD_MATCH = YES;
				COPY_PHASE_STRIP = NO;
				DEBUG_INFORMATION_FORMAT = "dwarf-with-dsym";
				ENABLE_NS_ASSERTIONS = NO;
				ENABLE_STRICT_OBJC_MSGSEND = YES;
				GCC_C_LANGUAGE_STANDARD = gnu11;
				GCC_NO_COMMON_BLOCKS = YES;
				GCC_WARN_64_TO_32_BIT_CONVERSION = YES;
				GCC_WARN_ABOUT_RETURN_TYPE = YES_ERROR;
				GCC_WARN_UNDECLARED_SELECTOR = YES;
				GCC_WARN_UNINITIALIZED_AUTOS = YES_AGGRESSIVE;
				GCC_WARN_UNUSED_FUNCTION = YES;
				GCC_WARN_UNUSED_VARIABLE = YES;
				IPHONEOS_DEPLOYMENT_TARGET = 16.2;
				MTL_ENABLE_DEBUG_INFO = NO;
				MTL_FAST_MATH = YES;
				SDKROOT = iphoneos;
				SWIFT_COMPILATION_MODE = wholemodule;
				SWIFT_OPTIMIZATION_LEVEL = "-O";
				VALIDATE_PRODUCT = YES;
			};
			name = Release;
		};
		BD9E5D342A08F74A005B944F /* Debug */ = {
			isa = XCBuildConfiguration;
			buildSettings = {
				ASSETCATALOG_COMPILER_APPICON_NAME = AppIcon;
				ASSETCATALOG_COMPILER_GLOBAL_ACCENT_COLOR_NAME = AccentColor;
				CODE_SIGN_STYLE = Automatic;
				CURRENT_PROJECT_VERSION = 1;
				GENERATE_INFOPLIST_FILE = YES;
				INFOPLIST_FILE = "Appcent-Case-Study/Info.plist";
				INFOPLIST_KEY_UIApplicationSupportsIndirectInputEvents = YES;
				INFOPLIST_KEY_UILaunchStoryboardName = LaunchScreen;
				INFOPLIST_KEY_UISupportedInterfaceOrientations_iPad = "UIInterfaceOrientationPortrait UIInterfaceOrientationPortraitUpsideDown UIInterfaceOrientationLandscapeLeft UIInterfaceOrientationLandscapeRight";
				INFOPLIST_KEY_UISupportedInterfaceOrientations_iPhone = "UIInterfaceOrientationPortrait UIInterfaceOrientationLandscapeLeft UIInterfaceOrientationLandscapeRight";
				LD_RUNPATH_SEARCH_PATHS = (
					"$(inherited)",
					"@executable_path/Frameworks",
				);
				MARKETING_VERSION = 1.0;
				PRODUCT_BUNDLE_IDENTIFIER = "EnesTy.Appcent-Case-Study";
				PRODUCT_NAME = "$(TARGET_NAME)";
				SWIFT_EMIT_LOC_STRINGS = YES;
				SWIFT_VERSION = 5.0;
				TARGETED_DEVICE_FAMILY = "1,2";
			};
			name = Debug;
		};
		BD9E5D352A08F74A005B944F /* Release */ = {
			isa = XCBuildConfiguration;
			buildSettings = {
				ASSETCATALOG_COMPILER_APPICON_NAME = AppIcon;
				ASSETCATALOG_COMPILER_GLOBAL_ACCENT_COLOR_NAME = AccentColor;
				CODE_SIGN_STYLE = Automatic;
				CURRENT_PROJECT_VERSION = 1;
				GENERATE_INFOPLIST_FILE = YES;
				INFOPLIST_FILE = "Appcent-Case-Study/Info.plist";
				INFOPLIST_KEY_UIApplicationSupportsIndirectInputEvents = YES;
				INFOPLIST_KEY_UILaunchStoryboardName = LaunchScreen;
				INFOPLIST_KEY_UISupportedInterfaceOrientations_iPad = "UIInterfaceOrientationPortrait UIInterfaceOrientationPortraitUpsideDown UIInterfaceOrientationLandscapeLeft UIInterfaceOrientationLandscapeRight";
				INFOPLIST_KEY_UISupportedInterfaceOrientations_iPhone = "UIInterfaceOrientationPortrait UIInterfaceOrientationLandscapeLeft UIInterfaceOrientationLandscapeRight";
				LD_RUNPATH_SEARCH_PATHS = (
					"$(inherited)",
					"@executable_path/Frameworks",
				);
				MARKETING_VERSION = 1.0;
				PRODUCT_BUNDLE_IDENTIFIER = "EnesTy.Appcent-Case-Study";
				PRODUCT_NAME = "$(TARGET_NAME)";
				SWIFT_EMIT_LOC_STRINGS = YES;
				SWIFT_VERSION = 5.0;
				TARGETED_DEVICE_FAMILY = "1,2";
			};
			name = Release;
		};
		BD9E5D372A08F74A005B944F /* Debug */ = {
			isa = XCBuildConfiguration;
			buildSettings = {
				ALWAYS_EMBED_SWIFT_STANDARD_LIBRARIES = YES;
				BUNDLE_LOADER = "$(TEST_HOST)";
				CODE_SIGN_STYLE = Automatic;
				CURRENT_PROJECT_VERSION = 1;
				GENERATE_INFOPLIST_FILE = YES;
				IPHONEOS_DEPLOYMENT_TARGET = 16.2;
				MARKETING_VERSION = 1.0;
				PRODUCT_BUNDLE_IDENTIFIER = "EnesTy.Appcent-Case-StudyTests";
				PRODUCT_NAME = "$(TARGET_NAME)";
				SWIFT_EMIT_LOC_STRINGS = NO;
				SWIFT_VERSION = 5.0;
				TARGETED_DEVICE_FAMILY = "1,2";
				TEST_HOST = "$(BUILT_PRODUCTS_DIR)/Appcent-Case-Study.app/$(BUNDLE_EXECUTABLE_FOLDER_PATH)/Appcent-Case-Study";
			};
			name = Debug;
		};
		BD9E5D382A08F74A005B944F /* Release */ = {
			isa = XCBuildConfiguration;
			buildSettings = {
				ALWAYS_EMBED_SWIFT_STANDARD_LIBRARIES = YES;
				BUNDLE_LOADER = "$(TEST_HOST)";
				CODE_SIGN_STYLE = Automatic;
				CURRENT_PROJECT_VERSION = 1;
				GENERATE_INFOPLIST_FILE = YES;
				IPHONEOS_DEPLOYMENT_TARGET = 16.2;
				MARKETING_VERSION = 1.0;
				PRODUCT_BUNDLE_IDENTIFIER = "EnesTy.Appcent-Case-StudyTests";
				PRODUCT_NAME = "$(TARGET_NAME)";
				SWIFT_EMIT_LOC_STRINGS = NO;
				SWIFT_VERSION = 5.0;
				TARGETED_DEVICE_FAMILY = "1,2";
				TEST_HOST = "$(BUILT_PRODUCTS_DIR)/Appcent-Case-Study.app/$(BUNDLE_EXECUTABLE_FOLDER_PATH)/Appcent-Case-Study";
			};
			name = Release;
		};
		BD9E5D3A2A08F74A005B944F /* Debug */ = {
			isa = XCBuildConfiguration;
			buildSettings = {
				ALWAYS_EMBED_SWIFT_STANDARD_LIBRARIES = YES;
				CODE_SIGN_STYLE = Automatic;
				CURRENT_PROJECT_VERSION = 1;
				GENERATE_INFOPLIST_FILE = YES;
				MARKETING_VERSION = 1.0;
				PRODUCT_BUNDLE_IDENTIFIER = "EnesTy.Appcent-Case-StudyUITests";
				PRODUCT_NAME = "$(TARGET_NAME)";
				SWIFT_EMIT_LOC_STRINGS = NO;
				SWIFT_VERSION = 5.0;
				TARGETED_DEVICE_FAMILY = "1,2";
				TEST_TARGET_NAME = "Appcent-Case-Study";
			};
			name = Debug;
		};
		BD9E5D3B2A08F74A005B944F /* Release */ = {
			isa = XCBuildConfiguration;
			buildSettings = {
				ALWAYS_EMBED_SWIFT_STANDARD_LIBRARIES = YES;
				CODE_SIGN_STYLE = Automatic;
				CURRENT_PROJECT_VERSION = 1;
				GENERATE_INFOPLIST_FILE = YES;
				MARKETING_VERSION = 1.0;
				PRODUCT_BUNDLE_IDENTIFIER = "EnesTy.Appcent-Case-StudyUITests";
				PRODUCT_NAME = "$(TARGET_NAME)";
				SWIFT_EMIT_LOC_STRINGS = NO;
				SWIFT_VERSION = 5.0;
				TARGETED_DEVICE_FAMILY = "1,2";
				TEST_TARGET_NAME = "Appcent-Case-Study";
			};
			name = Release;
		};
/* End XCBuildConfiguration section */

/* Begin XCConfigurationList section */
		BD9E5D012A08F747005B944F /* Build configuration list for PBXProject "Appcent-Case-Study" */ = {
			isa = XCConfigurationList;
			buildConfigurations = (
				BD9E5D312A08F74A005B944F /* Debug */,
				BD9E5D322A08F74A005B944F /* Release */,
			);
			defaultConfigurationIsVisible = 0;
			defaultConfigurationName = Release;
		};
		BD9E5D332A08F74A005B944F /* Build configuration list for PBXNativeTarget "Appcent-Case-Study" */ = {
			isa = XCConfigurationList;
			buildConfigurations = (
				BD9E5D342A08F74A005B944F /* Debug */,
				BD9E5D352A08F74A005B944F /* Release */,
			);
			defaultConfigurationIsVisible = 0;
			defaultConfigurationName = Release;
		};
		BD9E5D362A08F74A005B944F /* Build configuration list for PBXNativeTarget "Appcent-Case-StudyTests" */ = {
			isa = XCConfigurationList;
			buildConfigurations = (
				BD9E5D372A08F74A005B944F /* Debug */,
				BD9E5D382A08F74A005B944F /* Release */,
			);
			defaultConfigurationIsVisible = 0;
			defaultConfigurationName = Release;
		};
		BD9E5D392A08F74A005B944F /* Build configuration list for PBXNativeTarget "Appcent-Case-StudyUITests" */ = {
			isa = XCConfigurationList;
			buildConfigurations = (
				BD9E5D3A2A08F74A005B944F /* Debug */,
				BD9E5D3B2A08F74A005B944F /* Release */,
			);
			defaultConfigurationIsVisible = 0;
			defaultConfigurationName = Release;
		};
/* End XCConfigurationList section */

/* Begin XCRemoteSwiftPackageReference section */
		BD1FD4722A0A3A9000525E67 /* XCRemoteSwiftPackageReference "RxSwift" */ = {
			isa = XCRemoteSwiftPackageReference;
			repositoryURL = "https://github.com/ReactiveX/RxSwift.git";
			requirement = {
				branch = main;
				kind = branch;
			};
		};
		BD1FD4772A0A3AA200525E67 /* XCRemoteSwiftPackageReference "Kingfisher" */ = {
			isa = XCRemoteSwiftPackageReference;
			repositoryURL = "https://github.com/onevcat/Kingfisher";
			requirement = {
				branch = master;
				kind = branch;
			};
		};
		BD40C1312A0E6E0B00EF5E2A /* XCRemoteSwiftPackageReference "ProgressHUD" */ = {
			isa = XCRemoteSwiftPackageReference;
			repositoryURL = "https://github.com/relatedcode/ProgressHUD.git";
			requirement = {
				branch = master;
				kind = branch;
			};
		};
		BD40C1342A0E75CC00EF5E2A /* XCRemoteSwiftPackageReference "lottie-spm" */ = {
			isa = XCRemoteSwiftPackageReference;
			repositoryURL = "https://github.com/airbnb/lottie-spm.git";
			requirement = {
				kind = upToNextMajorVersion;
				minimumVersion = 4.0.0;
			};
		};
		BD9E5D3E2A090CD5005B944F /* XCRemoteSwiftPackageReference "Alamofire" */ = {
			isa = XCRemoteSwiftPackageReference;
			repositoryURL = "https://github.com/Alamofire/Alamofire.git";
			requirement = {
				kind = upToNextMajorVersion;
				minimumVersion = 5.0.0;
			};
		};
/* End XCRemoteSwiftPackageReference section */

/* Begin XCSwiftPackageProductDependency section */
		BD1FD4732A0A3A9000525E67 /* RxCocoa */ = {
			isa = XCSwiftPackageProductDependency;
			package = BD1FD4722A0A3A9000525E67 /* XCRemoteSwiftPackageReference "RxSwift" */;
			productName = RxCocoa;
		};
		BD1FD4752A0A3A9000525E67 /* RxSwift */ = {
			isa = XCSwiftPackageProductDependency;
			package = BD1FD4722A0A3A9000525E67 /* XCRemoteSwiftPackageReference "RxSwift" */;
			productName = RxSwift;
		};
		BD1FD4782A0A3AA200525E67 /* Kingfisher */ = {
			isa = XCSwiftPackageProductDependency;
			package = BD1FD4772A0A3AA200525E67 /* XCRemoteSwiftPackageReference "Kingfisher" */;
			productName = Kingfisher;
		};
		BD40C1322A0E6E0B00EF5E2A /* ProgressHUD */ = {
			isa = XCSwiftPackageProductDependency;
			package = BD40C1312A0E6E0B00EF5E2A /* XCRemoteSwiftPackageReference "ProgressHUD" */;
			productName = ProgressHUD;
		};
		BD40C1352A0E75CC00EF5E2A /* Lottie */ = {
			isa = XCSwiftPackageProductDependency;
			package = BD40C1342A0E75CC00EF5E2A /* XCRemoteSwiftPackageReference "lottie-spm" */;
			productName = Lottie;
		};
		BD9E5D3F2A090CD5005B944F /* Alamofire */ = {
			isa = XCSwiftPackageProductDependency;
			package = BD9E5D3E2A090CD5005B944F /* XCRemoteSwiftPackageReference "Alamofire" */;
			productName = Alamofire;
		};
/* End XCSwiftPackageProductDependency section */

/* Begin XCVersionGroup section */
		BD9E5D122A08F747005B944F /* Appcent_Case_Study.xcdatamodeld */ = {
			isa = XCVersionGroup;
			children = (
				BD9E5D132A08F747005B944F /* Appcent_Case_Study.xcdatamodel */,
			);
			currentVersion = BD9E5D132A08F747005B944F /* Appcent_Case_Study.xcdatamodel */;
			path = Appcent_Case_Study.xcdatamodeld;
			sourceTree = "<group>";
			versionGroupType = wrapper.xcdatamodel;
		};
/* End XCVersionGroup section */
	};
	rootObject = BD9E5CFE2A08F747005B944F /* Project object */;
}
